
Microsoft Visual Studio Solution File, Format Version 12.00
# Visual Studio Version 17
VisualStudioVersion = 17.10.35004.147
MinimumVisualStudioVersion = 10.0.40219.1
Project("{FAE04EC0-301F-11D3-BF4B-00C04F79EFBC}") = "GamesCsWinForm", "GamesCsWinForm\GamesCsWinForm.csproj", "{1F64F2B5-E31C-4124-9766-FA4D59DE55EE}"
EndProject
Global
	GlobalSection(SolutionConfigurationPlatforms) = preSolution
		Debug|Any CPU = Debug|Any CPU
		Release|Any CPU = Release|Any CPU
	EndGlobalSection
	GlobalSection(ProjectConfigurationPlatforms) = postSolution
		{1F64F2B5-E31C-4124-9766-FA4D59DE55EE}.Debug|Any CPU.ActiveCfg = Debug|Any CPU
		{1F64F2B5-E31C-4124-9766-FA4D59DE55EE}.Debug|Any CPU.Build.0 = Debug|Any CPU
		{1F64F2B5-E31C-4124-9766-FA4D59DE55EE}.Release|Any CPU.ActiveCfg = Release|Any CPU
		{1F64F2B5-E31C-4124-9766-FA4D59DE55EE}.Release|Any CPU.Build.0 = Release|Any CPU
	EndGlobalSection
	GlobalSection(SolutionProperties) = preSolution
		HideSolutionNode = FALSE
	EndGlobalSection
	GlobalSection(ExtensibilityGlobals) = postSolution
		SolutionGuid = {1D7F7404-2AC9-40FF-AAC8-B4AFE3C2B104}
	EndGlobalSection
EndGlobal
